#MicroXplorer Configuration settings - do not modify
Mcu.Family=STM32F4
PA11.GPIO_Speed=GPIO_SPEED_FREQ_VERY_HIGH
PC3.Mode=Full_Duplex_Master
SH.GPXTI1.0=GPIO_EXTI1
ProjectManager.MainLocation=Src
PC3.GPIO_Mode=GPIO_MODE_AF_PP
PH0-OSC_IN.Locked=true
PC7.GPIOParameters=GPIO_Speed,GPIO_PuPd,GPIO_Mode
PH0-OSC_IN.Signal=RCC_OSC_IN
RCC.CortexFreq_Value=168000000
PD14.GPIO_ModeDefaultOutputPP=GPIO_MODE_OUTPUT_PP
PC10.GPIO_PuPd=GPIO_NOPULL
ProjectManager.KeepUserCode=true
Mcu.UserName=STM32F407VGTx
PB10.GPIO_Speed=GPIO_SPEED_FREQ_LOW
PB6.GPIO_Mode=GPIO_MODE_AF_OD
PB10.GPIO_PuPd=GPIO_NOPULL
PB10.Mode=Full_Duplex_Master
PC12.Locked=true
PA10.GPIO_PuPd=GPIO_NOPULL
PC10.Locked=true
PD15.GPIO_Speed=GPIO_SPEED_FREQ_LOW
RCC.PLLCLKFreq_Value=168000000
PC10.Signal=I2S3_CK
PC12.Signal=I2S3_SD
RCC.PLLQCLKFreq_Value=48000000
PC7.Locked=true
PA7.GPIO_Mode=GPIO_MODE_AF_PP
PA12.GPIOParameters=GPIO_Speed,GPIO_PuPd,GPIO_Mode
ProjectManager.functionlistsort=1-MX_GPIO_Init-GPIO-false-HAL-true,2-MX_DMA_Init-DMA-false-HAL-true,3-SystemClock_Config-RCC-false-HAL-false,4-MX_I2S2_Init-I2S2-false-HAL-true
PC0.GPIOParameters=GPIO_Speed,PinState,GPIO_PuPd,GPIO_ModeDefaultOutputPP
PA9.GPIOParameters=GPIO_PuPd,GPIO_Mode
Dma.SPI2_TX.1.PeriphInc=DMA_PINC_DISABLE
PA11.GPIOParameters=GPIO_Speed,GPIO_PuPd,GPIO_Mode
PC3.Locked=true
RCC.RTCFreq_Value=32000
PC0.GPIO_ModeDefaultOutputPP=GPIO_MODE_OUTPUT_PP
PC10.GPIO_Speed=GPIO_SPEED_FREQ_LOW
PD4.Locked=true
PA11.GPIO_PuPd=GPIO_NOPULL
NVIC.DMA1_Stream4_IRQn=true\:0\:0\:false\:false\:true\:false\:true
PinOutPanel.RotationAngle=0
PC3.GPIO_Speed=GPIO_SPEED_FREQ_LOW
RCC.SYSCLKSource=RCC_SYSCLKSOURCE_PLLCLK
ProjectManager.StackSize=0x400
PA6.GPIO_Mode=GPIO_MODE_AF_PP
Dma.SPI2_TX.1.RequestParameters=Instance,Direction,PeriphInc,MemInc,PeriphDataAlignment,MemDataAlignment,Mode,Priority,FIFOMode
PD13.Signal=GPIO_Output
Mcu.IP4=RCC
RCC.FCLKCortexFreq_Value=168000000
Mcu.IP5=SYS
PD13.Locked=true
Mcu.IP2=I2S2
NVIC.SVCall_IRQn=true\:0\:0\:false\:false\:true\:true\:false
Mcu.IP3=NVIC
PD14.GPIO_Speed=GPIO_SPEED_FREQ_LOW
Mcu.IP0=DMA
PA12.Locked=true
Mcu.IP1=I2C1
PA12.Signal=USB_OTG_FS_DP
Dma.I2S2_EXT_RX.0.Mode=DMA_CIRCULAR
Mcu.UserConstants=
PD15.GPIOParameters=GPIO_Speed,PinState,GPIO_PuPd,GPIO_ModeDefaultOutputPP
Mcu.ThirdPartyNb=0
RCC.HCLKFreq_Value=168000000
Mcu.IPNb=6
RCC.I2SClocksFreq_Value=96000000
ProjectManager.PreviousToolchain=STM32CubeIDE
PD4.Signal=GPIO_Output
RCC.APB2TimFreq_Value=168000000
PB6.Signal=I2C1_SCL
Dma.I2S2_EXT_RX.0.PeriphInc=DMA_PINC_DISABLE
RCC.VcooutputI2S=96000000
PC7.Signal=I2S3_MCK
PB6.Mode=I2C
PC3.Signal=I2S2_SD
Mcu.Pin6=PC2
Mcu.Pin7=PC3
Mcu.Pin8=PA0-WKUP
Mcu.Pin9=PA4
PE1.Signal=GPXTI1
RCC.AHBFreq_Value=168000000
PH0-OSC_IN.Mode=HSE-External-Oscillator
PE3.PinState=GPIO_PIN_RESET
Mcu.Pin0=PE3
Mcu.Pin1=PC14-OSC32_IN
Mcu.Pin2=PC15-OSC32_OUT
PA9.GPIO_Mode=GPIO_MODE_INPUT
Mcu.Pin3=PH0-OSC_IN
Mcu.Pin4=PH1-OSC_OUT
PA0-WKUP.GPIOParameters=GPIO_PuPd,GPIO_ModeDefaultEXTI
Mcu.Pin5=PC0
ProjectManager.ProjectBuild=false
RCC.HSE_VALUE=8000000
NVIC.UsageFault_IRQn=true\:0\:0\:false\:false\:true\:true\:false
NVIC.DebugMonitor_IRQn=true\:0\:0\:false\:false\:true\:true\:false
PA4.GPIO_PuPd=GPIO_NOPULL
PB2.Signal=GPIO_Input
PA4.Locked=true
NVIC.SysTick_IRQn=true\:0\:0\:false\:false\:true\:true\:true
PD15.PinState=GPIO_PIN_RESET
PA4.GPIO_Speed=GPIO_SPEED_FREQ_LOW
ProjectManager.FirmwarePackage=STM32Cube FW_F4 V1.26.2
MxDb.Version=DB.6.0.21
PA6.GPIO_PuPd=GPIO_NOPULL
ProjectManager.BackupPrevious=false
PC14-OSC32_IN.Mode=LSE-External-Oscillator
Dma.I2S2_EXT_RX.0.FIFOMode=DMA_FIFOMODE_DISABLE
RCC.VCOInputFreq_Value=1000000
PA14.Mode=Serial_Wire
PA5.GPIO_PuPd=GPIO_NOPULL
File.Version=6
PC7.GPIO_Mode=GPIO_MODE_AF_PP
PE3.GPIOParameters=GPIO_Speed,PinState,GPIO_PuPd,GPIO_ModeDefaultOutputPP
PH1-OSC_OUT.Locked=true
PD5.GPIO_Mode=GPIO_MODE_INPUT
PD12.GPIO_ModeDefaultOutputPP=GPIO_MODE_OUTPUT_PP
PD4.GPIO_ModeDefaultOutputPP=GPIO_MODE_OUTPUT_PP
PE3.Locked=true
I2S2.IPParameters=Instance,VirtualMode,FullDuplexMode,RealAudioFreq,ErrorAudioFreq,DataFormat,AudioFreq
PD14.GPIO_PuPd=GPIO_NOPULL
PE1.Locked=true
PB6.Locked=true
NVIC.PendSV_IRQn=true\:0\:0\:false\:false\:true\:true\:false
I2S2.DataFormat=I2S_DATAFORMAT_24B
Dma.I2S2_EXT_RX.0.PeriphDataAlignment=DMA_PDATAALIGN_HALFWORD
PB6.GPIO_PuPdOD=GPIO_PULLUP
Dma.RequestsNb=2
PB6.GPIOParameters=GPIO_Speed,GPIO_PuPdOD,GPIO_PuPd,GPIO_Mode
ProjectManager.HalAssertFull=false
PB2.GPIO_PuPd=GPIO_NOPULL
ProjectManager.ProjectName=i2s-pmod
Dma.SPI2_TX.1.FIFOMode=DMA_FIFOMODE_DISABLE
PH1-OSC_OUT.Mode=HSE-External-Oscillator
RCC.MCO2PinFreq_Value=168000000
Mcu.Package=LQFP100
PB9.Signal=I2C1_SDA
PA6.Signal=SPI1_MISO
PB12.Mode=Full_Duplex_Master
Dma.I2S2_EXT_RX.0.MemDataAlignment=DMA_MDATAALIGN_HALFWORD
Dma.SPI2_TX.1.Mode=DMA_CIRCULAR
PA7.Locked=true
PA5.Locked=true
PD12.Signal=GPIO_Output
PA14.Locked=true
PD5.GPIOParameters=GPIO_PuPd,GPIO_Mode
ProjectManager.ToolChainLocation=
PD15.GPIO_PuPd=GPIO_NOPULL
PD14.Locked=true
RCC.LSI_VALUE=32000
SH.GPXTI0.0=GPIO_EXTI0
VP_SYS_VS_Systick.Signal=SYS_VS_Systick
PA10.Signal=USB_OTG_FS_ID
PB9.GPIO_PuPd=GPIO_NOPULL
PA5.GPIOParameters=GPIO_Speed,GPIO_PuPd,GPIO_Mode
Dma.SPI2_TX.1.Instance=DMA1_Stream4
PA10.GPIO_Speed=GPIO_SPEED_FREQ_VERY_HIGH
RCC.APB2CLKDivider=RCC_HCLK_DIV2
PB9.GPIO_Speed=GPIO_SPEED_FREQ_VERY_HIGH
Dma.Request1=SPI2_TX
RCC.APB1TimFreq_Value=84000000
NVIC.BusFault_IRQn=true\:0\:0\:false\:false\:true\:true\:false
PB10.GPIOParameters=GPIO_Speed,GPIO_PuPd,GPIO_Mode
PC12.GPIO_PuPd=GPIO_NOPULL
PA6.GPIO_Speed=GPIO_SPEED_FREQ_VERY_HIGH
PC0.GPIO_PuPd=GPIO_NOPULL
PA12.GPIO_PuPd=GPIO_NOPULL
Dma.Request0=I2S2_EXT_RX
PD5.Locked=true
Dma.I2S2_EXT_RX.0.Instance=DMA1_Stream3
PD15.Signal=GPIO_Output
ProjectManager.CustomerFirmwarePackage=
PC0.PinState=GPIO_PIN_RESET
PC14-OSC32_IN.Locked=true
PA12.GPIO_Speed=GPIO_SPEED_FREQ_VERY_HIGH
PB3.Locked=true
PD12.PinState=GPIO_PIN_RESET
PA6.GPIOParameters=GPIO_Speed,GPIO_PuPd,GPIO_Mode
RCC.PLLSourceVirtual=RCC_PLLSOURCE_HSE
PC15-OSC32_OUT.Mode=LSE-External-Oscillator
Dma.SPI2_TX.1.MemInc=DMA_MINC_ENABLE
I2S2.AudioFreq=I2S_AUDIOFREQ_96K
ProjectManager.ProjectFileName=i2s-pmod.ioc
PD12.GPIO_Speed=GPIO_SPEED_FREQ_LOW
I2S2.Instance=SPI$Index
Mcu.PinsNb=37
ProjectManager.NoMain=false
PB6.GPIO_PuPd=GPIO_NOPULL
PC2.Signal=I2S2_ext_SD
PC6.Signal=I2S2_MCK
PD13.GPIOParameters=GPIO_Speed,PinState,GPIO_PuPd,GPIO_ModeDefaultOutputPP
SH.GPXTI0.ConfNb=1
ProjectManager.DefaultFWLocation=true
PC2.Mode=Full_Duplex_Master
PE1.GPIO_PuPd=GPIO_NOPULL
PD5.Signal=GPIO_Input
ProjectManager.DeletePrevious=true
PC0.Signal=GPIO_Output
PE1.GPIO_ModeDefaultEXTI=GPIO_MODE_IT_RISING
RCC.APB1CLKDivider=RCC_HCLK_DIV4
PC14-OSC32_IN.Signal=RCC_OSC32_IN
PB10.Locked=true
boardIOC=true
PA9.GPIO_PuPd=GPIO_NOPULL
PA0-WKUP.GPIO_ModeDefaultEXTI=GPIO_MODE_IT_RISING
RCC.FamilyName=M
PA0-WKUP.Signal=GPXTI0
PA0-WKUP.Locked=true
PA10.GPIO_Mode=GPIO_MODE_AF_PP
PB9.GPIOParameters=GPIO_Speed,GPIO_PuPdOD,GPIO_PuPd,GPIO_Mode
PD12.Locked=true
PC3.GPIOParameters=GPIO_Speed,GPIO_PuPd,GPIO_Mode
PC12.GPIOParameters=GPIO_Speed,GPIO_PuPd,GPIO_Mode
PA13.Signal=SYS_JTMS-SWDIO
PD4.PinState=GPIO_PIN_RESET
PC10.GPIO_Mode=GPIO_MODE_AF_PP
PD4.GPIO_PuPd=GPIO_NOPULL
PA11.Locked=true
PC0.GPIO_Speed=GPIO_SPEED_FREQ_LOW
PB10.GPIO_Mode=GPIO_MODE_AF_PP
PC15-OSC32_OUT.Locked=true
PD12.GPIOParameters=GPIO_Speed,PinState,GPIO_PuPd,GPIO_ModeDefaultOutputPP
ProjectManager.TargetToolchain=STM32CubeIDE
PC6.Mode=Master_Clock_Activated
PB9.Mode=I2C
PB2.GPIOParameters=GPIO_PuPd,GPIO_Mode
PA9.Signal=USB_OTG_FS_VBUS
I2S2.VirtualMode=I2S_MODE_MASTER
PB9.Locked=true
ProjectManager.RegisterCallBack=
PC7.GPIO_PuPd=GPIO_NOPULL
PC15-OSC32_OUT.Signal=RCC_OSC32_OUT
PA7.GPIO_PuPd=GPIO_NOPULL
PB10.Signal=I2S2_CK
Dma.I2S2_EXT_RX.0.Priority=DMA_PRIORITY_HIGH
RCC.VCOI2SOutputFreq_Value=192000000
PA5.Signal=SPI1_SCK
PD14.PinState=GPIO_PIN_RESET
Dma.I2S2_EXT_RX.0.MemInc=DMA_MINC_ENABLE
board=STM32F4DISCOVERY
PD13.GPIO_Speed=GPIO_SPEED_FREQ_LOW
PC7.GPIO_Speed=GPIO_SPEED_FREQ_LOW
Dma.SPI2_TX.1.Direction=DMA_MEMORY_TO_PERIPH
RCC.VCOOutputFreq_Value=336000000
ProjectManager.LastFirmware=true
PA7.GPIO_Speed=GPIO_SPEED_FREQ_VERY_HIGH
Dma.I2S2_EXT_RX.0.Direction=DMA_PERIPH_TO_MEMORY
PB9.GPIO_Mode=GPIO_MODE_AF_OD
PA12.GPIO_Mode=GPIO_MODE_AF_PP
PA4.GPIO_Mode=GPIO_MODE_AF_PP
RCC.APB2Freq_Value=84000000
PB2.GPIO_Mode=GPIO_MODE_INPUT
Dma.SPI2_TX.1.PeriphDataAlignment=DMA_PDATAALIGN_HALFWORD
MxCube.Version=6.2.1
Mcu.Pin35=PE1
Mcu.Pin36=VP_SYS_VS_Systick
Dma.SPI2_TX.1.Priority=DMA_PRIORITY_HIGH
PD4.GPIO_Speed=GPIO_SPEED_FREQ_LOW
Mcu.Pin30=PD4
PA10.GPIOParameters=GPIO_Speed,GPIO_PuPd,GPIO_Mode
PD4.GPIOParameters=GPIO_Speed,PinState,GPIO_PuPd,GPIO_ModeDefaultOutputPP
VP_SYS_VS_Systick.Mode=SysTick
RCC.EthernetFreq_Value=168000000
Mcu.Pin33=PB6
PE3.GPIO_PuPd=GPIO_NOPULL
PH1-OSC_OUT.Signal=RCC_OSC_OUT
Mcu.Pin34=PB9
Mcu.Pin31=PD5
PD13.GPIO_PuPd=GPIO_NOPULL
Mcu.Pin32=PB3
PA9.Locked=true
PD5.GPIO_PuPd=GPIO_NOPULL
NVIC.NonMaskableInt_IRQn=true\:0\:0\:false\:false\:true\:true\:false
PA4.GPIOParameters=GPIO_Speed,GPIO_PuPd,GPIO_Mode
PC10.GPIOParameters=GPIO_Speed,GPIO_PuPd,GPIO_Mode
PA13.Mode=Serial_Wire
ProjectManager.FreePins=false
RCC.IPParameters=48MHZClocksFreq_Value,AHBFreq_Value,APB1CLKDivider,APB1Freq_Value,APB1TimFreq_Value,APB2CLKDivider,APB2Freq_Value,APB2TimFreq_Value,CortexFreq_Value,EthernetFreq_Value,FCLKCortexFreq_Value,FamilyName,HCLKFreq_Value,HSE_VALUE,HSI_VALUE,I2SClocksFreq_Value,LSI_VALUE,MCO2PinFreq_Value,PLLCLKFreq_Value,PLLM,PLLN,PLLQ,PLLQCLKFreq_Value,PLLSourceVirtual,RTCFreq_Value,RTCHSEDivFreq_Value,SYSCLKFreq_VALUE,SYSCLKSource,VCOI2SOutputFreq_Value,VCOInputFreq_Value,VCOOutputFreq_Value,VcooutputI2S
ProjectManager.AskForMigrate=true
Mcu.Name=STM32F407V(E-G)Tx
Mcu.Pin26=PA13
Mcu.Pin27=PA14
RCC.RTCHSEDivFreq_Value=4000000
Mcu.Pin24=PA11
ProjectManager.UnderRoot=true
Mcu.Pin25=PA12
PB2.Locked=true
I2S2.FullDuplexMode=I2S_FULLDUPLEXMODE_ENABLE
PD14.Signal=GPIO_Output
Mcu.Pin28=PC10
Mcu.Pin29=PC12
ProjectManager.CoupleFile=false
RCC.48MHZClocksFreq_Value=48000000
PB3.Signal=SYS_JTDO-SWO
PA4.Signal=I2S3_WS
PD14.GPIOParameters=GPIO_Speed,PinState,GPIO_PuPd,GPIO_ModeDefaultOutputPP
RCC.SYSCLKFreq_VALUE=168000000
Mcu.Pin22=PA9
PC12.GPIO_Mode=GPIO_MODE_AF_PP
Mcu.Pin23=PA10
Mcu.Pin20=PC6
Mcu.Pin21=PC7
PA10.Locked=true
I2S2.ErrorAudioFreq=-2.34 %
NVIC.ForceEnableDMAVector=true
KeepUserPlacement=true
PE3.GPIO_Speed=GPIO_SPEED_FREQ_LOW
PE3.GPIO_ModeDefaultOutputPP=GPIO_MODE_OUTPUT_PP
PD15.GPIO_ModeDefaultOutputPP=GPIO_MODE_OUTPUT_PP
PD13.GPIO_ModeDefaultOutputPP=GPIO_MODE_OUTPUT_PP
NVIC.MemoryManagement_IRQn=true\:0\:0\:false\:false\:true\:true\:false
PA13.Locked=true
ProjectManager.CompilerOptimize=6
PD15.Locked=true
PA11.Signal=USB_OTG_FS_DM
PA14.Signal=SYS_JTCK-SWCLK
ProjectManager.HeapSize=0x200
Mcu.Pin15=PB12
NVIC.HardFault_IRQn=true\:0\:0\:false\:false\:true\:true\:false
Mcu.Pin16=PD12
Mcu.Pin13=PB2
Mcu.Pin14=PB10
Mcu.Pin19=PD15
PB9.GPIO_PuPdOD=GPIO_PULLUP
ProjectManager.ComputerToolchain=false
Mcu.Pin17=PD13
RCC.HSI_VALUE=16000000
Mcu.Pin18=PD14
PA5.GPIO_Speed=GPIO_SPEED_FREQ_VERY_HIGH
RCC.PLLQ=7
NVIC.PriorityGroup=NVIC_PRIORITYGROUP_0
Mcu.Pin11=PA6
Mcu.Pin12=PA7
RCC.PLLM=8
RCC.PLLN=336
Mcu.Pin10=PA5
PE3.Signal=GPIO_Output
PA0-WKUP.GPIO_PuPd=GPIO_NOPULL
NVIC.DMA1_Stream3_IRQn=true\:0\:0\:false\:false\:true\:false\:true
PD13.PinState=GPIO_PIN_RESET
PA11.GPIO_Mode=GPIO_MODE_AF_PP
PB6.GPIO_Speed=GPIO_SPEED_FREQ_VERY_HIGH
SH.GPXTI1.ConfNb=1
RCC.APB1Freq_Value=42000000
PA5.GPIO_Mode=GPIO_MODE_AF_PP
PC12.GPIO_Speed=GPIO_SPEED_FREQ_LOW
Dma.I2S2_EXT_RX.0.RequestParameters=Instance,Direction,PeriphInc,MemInc,PeriphDataAlignment,MemDataAlignment,Mode,Priority,FIFOMode
I2S2.RealAudioFreq=93.75 KHz
PA7.GPIOParameters=GPIO_Speed,GPIO_PuPd,GPIO_Mode
Dma.SPI2_TX.1.MemDataAlignment=DMA_MDATAALIGN_HALFWORD
PC0.Locked=true
ProjectManager.DeviceId=STM32F407VGTx
PB12.Signal=I2S2_WS
ProjectManager.LibraryCopy=1
PC3.GPIO_PuPd=GPIO_NOPULL
PD12.GPIO_PuPd=GPIO_NOPULL
PE1.GPIOParameters=GPIO_PuPd,GPIO_ModeDefaultEXTI
PA7.Signal=SPI1_MOSI
PA6.Locked=true
isbadioc=false
